
Microsoft Visual Studio Solution File, Format Version 12.00
# Visual Studio Version 16
VisualStudioVersion = 16.0.29920.165
MinimumVisualStudioVersion = 10.0.40219.1
Project("{FAE04EC0-301F-11D3-BF4B-00C04F79EFBC}") = "WindowsFormsApp1", "WindowsFormsApp1.csproj", "{CC70A8B5-B75E-4F1D-A8E4-CE7E3C7CF870}"
EndProject
Global
	GlobalSection(SolutionConfigurationPlatforms) = preSolution
		Debug|Any CPU = Debug|Any CPU
		Release|Any CPU = Release|Any CPU
	EndGlobalSection
	GlobalSection(ProjectConfigurationPlatforms) = postSolution
		{CC70A8B5-B75E-4F1D-A8E4-CE7E3C7CF870}.Debug|Any CPU.ActiveCfg = Debug|Any CPU
		{CC70A8B5-B75E-4F1D-A8E4-CE7E3C7CF870}.Debug|Any CPU.Build.0 = Debug|Any CPU
		{CC70A8B5-B75E-4F1D-A8E4-CE7E3C7CF870}.Release|Any CPU.ActiveCfg = Release|Any CPU
		{CC70A8B5-B75E-4F1D-A8E4-CE7E3C7CF870}.Release|Any CPU.Build.0 = Release|Any CPU
	EndGlobalSection
	GlobalSection(SolutionProperties) = preSolution
		HideSolutionNode = FALSE
	EndGlobalSection
	GlobalSection(ExtensibilityGlobals) = postSolution
		SolutionGuid = {7CDF0A9D-8484-4CC0-983F-B0999B76EBC7}
	EndGlobalSection
EndGlobal
